// !$*UTF8*$!
{
	archiveVersion = 1;
	classes = {
	};
	objectVersion = 56;
	objects = {

/* Begin PBXBuildFile section */
		A7D0F4332DB28BA500124DD3 /* AppDelegate.swift in Sources */ = {isa = PBXBuildFile; fileRef = A7D0F4322DB28BA500124DD3 /* AppDelegate.swift */; };
		A7D0F4352DB28BA500124DD3 /* SceneDelegate.swift in Sources */ = {isa = PBXBuildFile; fileRef = A7D0F4342DB28BA500124DD3 /* SceneDelegate.swift */; };
		A7D0F4372DB28BA500124DD3 /* ViewController.swift in Sources */ = {isa = PBXBuildFile; fileRef = A7D0F4362DB28BA500124DD3 /* ViewController.swift */; };
		A7D0F43A2DB28BA500124DD3 /* Main.storyboard in Resources */ = {isa = PBXBuildFile; fileRef = A7D0F4382DB28BA500124DD3 /* Main.storyboard */; };
		A7D0F43C2DB28BA800124DD3 /* Assets.xcassets in Resources */ = {isa = PBXBuildFile; fileRef = A7D0F43B2DB28BA800124DD3 /* Assets.xcassets */; };
		A7D0F43F2DB28BA800124DD3 /* LaunchScreen.storyboard in Resources */ = {isa = PBXBuildFile; fileRef = A7D0F43D2DB28BA800124DD3 /* LaunchScreen.storyboard */; };
		A7D0F4512DB28F1200124DD3 /* HomeViewController.swift in Sources */ = {isa = PBXBuildFile; fileRef = A7D0F44F2DB28F1200124DD3 /* HomeViewController.swift */; };
		A7D0F4522DB28F1200124DD3 /* HomeViewController.xib in Resources */ = {isa = PBXBuildFile; fileRef = A7D0F4502DB28F1200124DD3 /* HomeViewController.xib */; };
		A7D0F4542DB28F1D00124DD3 /* HomeViewModel.swift in Sources */ = {isa = PBXBuildFile; fileRef = A7D0F4532DB28F1D00124DD3 /* HomeViewModel.swift */; };
		A7D0F4562DB28F8200124DD3 /* PokemonModel.swift in Sources */ = {isa = PBXBuildFile; fileRef = A7D0F4552DB28F8200124DD3 /* PokemonModel.swift */; };
		A7D0F4582DB28F9800124DD3 /* PokemonDetailModel.swift in Sources */ = {isa = PBXBuildFile; fileRef = A7D0F4572DB28F9800124DD3 /* PokemonDetailModel.swift */; };
		A7D0F45C2DB28FC100124DD3 /* PokemonListTVC.swift in Sources */ = {isa = PBXBuildFile; fileRef = A7D0F45A2DB28FC100124DD3 /* PokemonListTVC.swift */; };
		A7D0F45D2DB28FC100124DD3 /* PokemonListTVC.xib in Resources */ = {isa = PBXBuildFile; fileRef = A7D0F45B2DB28FC100124DD3 /* PokemonListTVC.xib */; };
		A7D0F4602DB2915E00124DD3 /* NetworkManager.swift in Sources */ = {isa = PBXBuildFile; fileRef = A7D0F45E2DB2915E00124DD3 /* NetworkManager.swift */; };
		A7D0F4612DB2915E00124DD3 /* Constants.swift in Sources */ = {isa = PBXBuildFile; fileRef = A7D0F45F2DB2915E00124DD3 /* Constants.swift */; };
		A7D0F4642DB291A400124DD3 /* PokemonServiceProtocol.swift in Sources */ = {isa = PBXBuildFile; fileRef = A7D0F4632DB291A400124DD3 /* PokemonServiceProtocol.swift */; };
		A7D0F4672DB2945A00124DD3 /* UIView+Ext.swift in Sources */ = {isa = PBXBuildFile; fileRef = A7D0F4662DB2945A00124DD3 /* UIView+Ext.swift */; };
		A7D0F4692DB2948D00124DD3 /* UIColor+Ext.swift in Sources */ = {isa = PBXBuildFile; fileRef = A7D0F4682DB2948D00124DD3 /* UIColor+Ext.swift */; };
		A7D0F46C2DB2957400124DD3 /* UIImageView+Ext.swift in Sources */ = {isa = PBXBuildFile; fileRef = A7D0F46B2DB2957400124DD3 /* UIImageView+Ext.swift */; };
		A7D0F4722DB29E0D00124DD3 /* ProfileViewController.swift in Sources */ = {isa = PBXBuildFile; fileRef = A7D0F4702DB29E0D00124DD3 /* ProfileViewController.swift */; };
		A7D0F4732DB29E0D00124DD3 /* ProfileViewController.xib in Resources */ = {isa = PBXBuildFile; fileRef = A7D0F4712DB29E0D00124DD3 /* ProfileViewController.xib */; };
		A7D0F4762DB2A58700124DD3 /* MainTabBarController.swift in Sources */ = {isa = PBXBuildFile; fileRef = A7D0F4742DB2A58700124DD3 /* MainTabBarController.swift */; };
		A7D0F4772DB2A58700124DD3 /* MainTabBarController.xib in Resources */ = {isa = PBXBuildFile; fileRef = A7D0F4752DB2A58700124DD3 /* MainTabBarController.xib */; };
		A7D0F47C2DB2ADC600124DD3 /* PokemonDetailViewController.swift in Sources */ = {isa = PBXBuildFile; fileRef = A7D0F47A2DB2ADC600124DD3 /* PokemonDetailViewController.swift */; };
		A7D0F47D2DB2ADC600124DD3 /* PokemonDetailViewController.xib in Resources */ = {isa = PBXBuildFile; fileRef = A7D0F47B2DB2ADC600124DD3 /* PokemonDetailViewController.xib */; };
		A7D0F47F2DB2ADD500124DD3 /* PokemonDetailViewModel.swift in Sources */ = {isa = PBXBuildFile; fileRef = A7D0F47E2DB2ADD500124DD3 /* PokemonDetailViewModel.swift */; };
		A7D0F48C2DB2AFFF00124DD3 /* MoveTVC.xib in Resources */ = {isa = PBXBuildFile; fileRef = A7D0F4812DB2AFFF00124DD3 /* MoveTVC.xib */; };
		A7D0F48D2DB2AFFF00124DD3 /* MoveTVC.swift in Sources */ = {isa = PBXBuildFile; fileRef = A7D0F4822DB2AFFF00124DD3 /* MoveTVC.swift */; };
		A7D0F48E2DB2AFFF00124DD3 /* PopupMovesView.xib in Resources */ = {isa = PBXBuildFile; fileRef = A7D0F4842DB2AFFF00124DD3 /* PopupMovesView.xib */; };
		A7D0F48F2DB2AFFF00124DD3 /* PopupMovesView.swift in Sources */ = {isa = PBXBuildFile; fileRef = A7D0F4852DB2AFFF00124DD3 /* PopupMovesView.swift */; };
		A7D0F4902DB2AFFF00124DD3 /* StatTVC.xib in Resources */ = {isa = PBXBuildFile; fileRef = A7D0F4872DB2AFFF00124DD3 /* StatTVC.xib */; };
		A7D0F4912DB2AFFF00124DD3 /* StatTVC.swift in Sources */ = {isa = PBXBuildFile; fileRef = A7D0F4882DB2AFFF00124DD3 /* StatTVC.swift */; };
		A7D0F4922DB2AFFF00124DD3 /* TypeTVC.xib in Resources */ = {isa = PBXBuildFile; fileRef = A7D0F48A2DB2AFFF00124DD3 /* TypeTVC.xib */; };
		A7D0F4932DB2AFFF00124DD3 /* TypeTVC.swift in Sources */ = {isa = PBXBuildFile; fileRef = A7D0F48B2DB2AFFF00124DD3 /* TypeTVC.swift */; };
		B7DCB7CAF4DD017AA9E6131D /* Pods_pokeapps.framework in Frameworks */ = {isa = PBXBuildFile; fileRef = 9DF6607ED659EC31527EB0F9 /* Pods_pokeapps.framework */; };
/* End PBXBuildFile section */

/* Begin PBXFileReference section */
		384FA0B66486D3C5A2E22569 /* Pods-pokeapps.debug.xcconfig */ = {isa = PBXFileReference; includeInIndex = 1; lastKnownFileType = text.xcconfig; name = "Pods-pokeapps.debug.xcconfig"; path = "Target Support Files/Pods-pokeapps/Pods-pokeapps.debug.xcconfig"; sourceTree = "<group>"; };
		427017D23ED80CB38F7AC91D /* Pods-pokeapps.release.xcconfig */ = {isa = PBXFileReference; includeInIndex = 1; lastKnownFileType = text.xcconfig; name = "Pods-pokeapps.release.xcconfig"; path = "Target Support Files/Pods-pokeapps/Pods-pokeapps.release.xcconfig"; sourceTree = "<group>"; };
		9DF6607ED659EC31527EB0F9 /* Pods_pokeapps.framework */ = {isa = PBXFileReference; explicitFileType = wrapper.framework; includeInIndex = 0; path = Pods_pokeapps.framework; sourceTree = BUILT_PRODUCTS_DIR; };
		A7D0F42F2DB28BA500124DD3 /* pokeapps.app */ = {isa = PBXFileReference; explicitFileType = wrapper.application; includeInIndex = 0; path = pokeapps.app; sourceTree = BUILT_PRODUCTS_DIR; };
		A7D0F4322DB28BA500124DD3 /* AppDelegate.swift */ = {isa = PBXFileReference; lastKnownFileType = sourcecode.swift; path = AppDelegate.swift; sourceTree = "<group>"; };
		A7D0F4342DB28BA500124DD3 /* SceneDelegate.swift */ = {isa = PBXFileReference; lastKnownFileType = sourcecode.swift; path = SceneDelegate.swift; sourceTree = "<group>"; };
		A7D0F4362DB28BA500124DD3 /* ViewController.swift */ = {isa = PBXFileReference; lastKnownFileType = sourcecode.swift; path = ViewController.swift; sourceTree = "<group>"; };
		A7D0F4392DB28BA500124DD3 /* Base */ = {isa = PBXFileReference; lastKnownFileType = file.storyboard; name = Base; path = Base.lproj/Main.storyboard; sourceTree = "<group>"; };
		A7D0F43B2DB28BA800124DD3 /* Assets.xcassets */ = {isa = PBXFileReference; lastKnownFileType = folder.assetcatalog; path = Assets.xcassets; sourceTree = "<group>"; };
		A7D0F43E2DB28BA800124DD3 /* Base */ = {isa = PBXFileReference; lastKnownFileType = file.storyboard; name = Base; path = Base.lproj/LaunchScreen.storyboard; sourceTree = "<group>"; };
		A7D0F4402DB28BA800124DD3 /* Info.plist */ = {isa = PBXFileReference; lastKnownFileType = text.plist.xml; path = Info.plist; sourceTree = "<group>"; };
		A7D0F44F2DB28F1200124DD3 /* HomeViewController.swift */ = {isa = PBXFileReference; lastKnownFileType = sourcecode.swift; path = HomeViewController.swift; sourceTree = "<group>"; };
		A7D0F4502DB28F1200124DD3 /* HomeViewController.xib */ = {isa = PBXFileReference; lastKnownFileType = file.xib; path = HomeViewController.xib; sourceTree = "<group>"; };
		A7D0F4532DB28F1D00124DD3 /* HomeViewModel.swift */ = {isa = PBXFileReference; lastKnownFileType = sourcecode.swift; path = HomeViewModel.swift; sourceTree = "<group>"; };
		A7D0F4552DB28F8200124DD3 /* PokemonModel.swift */ = {isa = PBXFileReference; lastKnownFileType = sourcecode.swift; path = PokemonModel.swift; sourceTree = "<group>"; };
		A7D0F4572DB28F9800124DD3 /* PokemonDetailModel.swift */ = {isa = PBXFileReference; lastKnownFileType = sourcecode.swift; path = PokemonDetailModel.swift; sourceTree = "<group>"; };
		A7D0F45A2DB28FC100124DD3 /* PokemonListTVC.swift */ = {isa = PBXFileReference; lastKnownFileType = sourcecode.swift; path = PokemonListTVC.swift; sourceTree = "<group>"; };
		A7D0F45B2DB28FC100124DD3 /* PokemonListTVC.xib */ = {isa = PBXFileReference; lastKnownFileType = file.xib; path = PokemonListTVC.xib; sourceTree = "<group>"; };
		A7D0F45E2DB2915E00124DD3 /* NetworkManager.swift */ = {isa = PBXFileReference; fileEncoding = 4; lastKnownFileType = sourcecode.swift; path = NetworkManager.swift; sourceTree = "<group>"; };
		A7D0F45F2DB2915E00124DD3 /* Constants.swift */ = {isa = PBXFileReference; fileEncoding = 4; lastKnownFileType = sourcecode.swift; path = Constants.swift; sourceTree = "<group>"; };
		A7D0F4632DB291A400124DD3 /* PokemonServiceProtocol.swift */ = {isa = PBXFileReference; lastKnownFileType = sourcecode.swift; path = PokemonServiceProtocol.swift; sourceTree = "<group>"; };
		A7D0F4662DB2945A00124DD3 /* UIView+Ext.swift */ = {isa = PBXFileReference; lastKnownFileType = sourcecode.swift; path = "UIView+Ext.swift"; sourceTree = "<group>"; };
		A7D0F4682DB2948D00124DD3 /* UIColor+Ext.swift */ = {isa = PBXFileReference; lastKnownFileType = sourcecode.swift; path = "UIColor+Ext.swift"; sourceTree = "<group>"; };
		A7D0F46B2DB2957400124DD3 /* UIImageView+Ext.swift */ = {isa = PBXFileReference; lastKnownFileType = sourcecode.swift; path = "UIImageView+Ext.swift"; sourceTree = "<group>"; };
		A7D0F4702DB29E0D00124DD3 /* ProfileViewController.swift */ = {isa = PBXFileReference; lastKnownFileType = sourcecode.swift; path = ProfileViewController.swift; sourceTree = "<group>"; };
		A7D0F4712DB29E0D00124DD3 /* ProfileViewController.xib */ = {isa = PBXFileReference; lastKnownFileType = file.xib; path = ProfileViewController.xib; sourceTree = "<group>"; };
		A7D0F4742DB2A58700124DD3 /* MainTabBarController.swift */ = {isa = PBXFileReference; lastKnownFileType = sourcecode.swift; path = MainTabBarController.swift; sourceTree = "<group>"; };
		A7D0F4752DB2A58700124DD3 /* MainTabBarController.xib */ = {isa = PBXFileReference; lastKnownFileType = file.xib; path = MainTabBarController.xib; sourceTree = "<group>"; };
		A7D0F47A2DB2ADC600124DD3 /* PokemonDetailViewController.swift */ = {isa = PBXFileReference; lastKnownFileType = sourcecode.swift; path = PokemonDetailViewController.swift; sourceTree = "<group>"; };
		A7D0F47B2DB2ADC600124DD3 /* PokemonDetailViewController.xib */ = {isa = PBXFileReference; lastKnownFileType = file.xib; path = PokemonDetailViewController.xib; sourceTree = "<group>"; };
		A7D0F47E2DB2ADD500124DD3 /* PokemonDetailViewModel.swift */ = {isa = PBXFileReference; lastKnownFileType = sourcecode.swift; path = PokemonDetailViewModel.swift; sourceTree = "<group>"; };
		A7D0F4812DB2AFFF00124DD3 /* MoveTVC.xib */ = {isa = PBXFileReference; fileEncoding = 4; lastKnownFileType = file.xib; path = MoveTVC.xib; sourceTree = "<group>"; };
		A7D0F4822DB2AFFF00124DD3 /* MoveTVC.swift */ = {isa = PBXFileReference; fileEncoding = 4; lastKnownFileType = sourcecode.swift; path = MoveTVC.swift; sourceTree = "<group>"; };
		A7D0F4842DB2AFFF00124DD3 /* PopupMovesView.xib */ = {isa = PBXFileReference; fileEncoding = 4; lastKnownFileType = file.xib; path = PopupMovesView.xib; sourceTree = "<group>"; };
		A7D0F4852DB2AFFF00124DD3 /* PopupMovesView.swift */ = {isa = PBXFileReference; fileEncoding = 4; lastKnownFileType = sourcecode.swift; path = PopupMovesView.swift; sourceTree = "<group>"; };
		A7D0F4872DB2AFFF00124DD3 /* StatTVC.xib */ = {isa = PBXFileReference; fileEncoding = 4; lastKnownFileType = file.xib; path = StatTVC.xib; sourceTree = "<group>"; };
		A7D0F4882DB2AFFF00124DD3 /* StatTVC.swift */ = {isa = PBXFileReference; fileEncoding = 4; lastKnownFileType = sourcecode.swift; path = StatTVC.swift; sourceTree = "<group>"; };
		A7D0F48A2DB2AFFF00124DD3 /* TypeTVC.xib */ = {isa = PBXFileReference; fileEncoding = 4; lastKnownFileType = file.xib; path = TypeTVC.xib; sourceTree = "<group>"; };
		A7D0F48B2DB2AFFF00124DD3 /* TypeTVC.swift */ = {isa = PBXFileReference; fileEncoding = 4; lastKnownFileType = sourcecode.swift; path = TypeTVC.swift; sourceTree = "<group>"; };
/* End PBXFileReference section */

/* Begin PBXFrameworksBuildPhase section */
		A7D0F42C2DB28BA500124DD3 /* Frameworks */ = {
			isa = PBXFrameworksBuildPhase;
			buildActionMask = 2147483647;
			files = (
				B7DCB7CAF4DD017AA9E6131D /* Pods_pokeapps.framework in Frameworks */,
			);
			runOnlyForDeploymentPostprocessing = 0;
		};
/* End PBXFrameworksBuildPhase section */

/* Begin PBXGroup section */
		2B521F44E79C615A371CCF95 /* Pods */ = {
			isa = PBXGroup;
			children = (
				384FA0B66486D3C5A2E22569 /* Pods-pokeapps.debug.xcconfig */,
				427017D23ED80CB38F7AC91D /* Pods-pokeapps.release.xcconfig */,
			);
			path = Pods;
			sourceTree = "<group>";
		};
		A7D0F4262DB28BA500124DD3 = {
			isa = PBXGroup;
			children = (
				A7D0F4312DB28BA500124DD3 /* pokeapps */,
				A7D0F4302DB28BA500124DD3 /* Products */,
				2B521F44E79C615A371CCF95 /* Pods */,
				FF8BBC43DB58BE5D7C04033F /* Frameworks */,
			);
			sourceTree = "<group>";
		};
		A7D0F4302DB28BA500124DD3 /* Products */ = {
			isa = PBXGroup;
			children = (
				A7D0F42F2DB28BA500124DD3 /* pokeapps.app */,
			);
			name = Products;
			sourceTree = "<group>";
		};
		A7D0F4312DB28BA500124DD3 /* pokeapps */ = {
			isa = PBXGroup;
			children = (
				A7D0F4462DB28BE300124DD3 /* Application */,
				A7D0F4472DB28BEC00124DD3 /* Models */,
				A7D0F4492DB28BF900124DD3 /* Resources */,
				A7D0F44A2DB28C0900124DD3 /* Services */,
				A7D0F44B2DB28C1100124DD3 /* Utilities */,
				A7D0F44C2DB28C1B00124DD3 /* ViewModels */,
				A7D0F4482DB28BF100124DD3 /* Views */,
			);
			path = pokeapps;
			sourceTree = "<group>";
		};
		A7D0F4462DB28BE300124DD3 /* Application */ = {
			isa = PBXGroup;
			children = (
				A7D0F4322DB28BA500124DD3 /* AppDelegate.swift */,
				A7D0F4342DB28BA500124DD3 /* SceneDelegate.swift */,
				A7D0F4362DB28BA500124DD3 /* ViewController.swift */,
				A7D0F43D2DB28BA800124DD3 /* LaunchScreen.storyboard */,
				A7D0F4382DB28BA500124DD3 /* Main.storyboard */,
				A7D0F4742DB2A58700124DD3 /* MainTabBarController.swift */,
				A7D0F4752DB2A58700124DD3 /* MainTabBarController.xib */,
			);
			path = Application;
			sourceTree = "<group>";
		};
		A7D0F4472DB28BEC00124DD3 /* Models */ = {
			isa = PBXGroup;
			children = (
				A7D0F4552DB28F8200124DD3 /* PokemonModel.swift */,
				A7D0F4572DB28F9800124DD3 /* PokemonDetailModel.swift */,
			);
			path = Models;
			sourceTree = "<group>";
		};
		A7D0F4482DB28BF100124DD3 /* Views */ = {
			isa = PBXGroup;
			children = (
				A7D0F4792DB2ADB100124DD3 /* PokemonDetail */,
				A7D0F46F2DB29DF900124DD3 /* Profile */,
				A7D0F44D2DB28EB300124DD3 /* Home */,
			);
			path = Views;
			sourceTree = "<group>";
		};
		A7D0F4492DB28BF900124DD3 /* Resources */ = {
			isa = PBXGroup;
			children = (
				A7D0F4402DB28BA800124DD3 /* Info.plist */,
				A7D0F43B2DB28BA800124DD3 /* Assets.xcassets */,
			);
			path = Resources;
			sourceTree = "<group>";
		};
		A7D0F44A2DB28C0900124DD3 /* Services */ = {
			isa = PBXGroup;
			children = (
				A7D0F4622DB2917100124DD3 /* Network */,
			);
			path = Services;
			sourceTree = "<group>";
		};
		A7D0F44B2DB28C1100124DD3 /* Utilities */ = {
			isa = PBXGroup;
			children = (
				A7D0F4652DB2944B00124DD3 /* Extensions */,
				A7D0F45F2DB2915E00124DD3 /* Constants.swift */,
				A7D0F45E2DB2915E00124DD3 /* NetworkManager.swift */,
			);
			path = Utilities;
			sourceTree = "<group>";
		};
		A7D0F44C2DB28C1B00124DD3 /* ViewModels */ = {
			isa = PBXGroup;
			children = (
				A7D0F4782DB2ADA200124DD3 /* PokemonDetail */,
				A7D0F44E2DB28ED100124DD3 /* Home */,
			);
			path = ViewModels;
			sourceTree = "<group>";
		};
		A7D0F44D2DB28EB300124DD3 /* Home */ = {
			isa = PBXGroup;
			children = (
				A7D0F4592DB28F9D00124DD3 /* Cell */,
				A7D0F44F2DB28F1200124DD3 /* HomeViewController.swift */,
				A7D0F4502DB28F1200124DD3 /* HomeViewController.xib */,
			);
			path = Home;
			sourceTree = "<group>";
		};
		A7D0F44E2DB28ED100124DD3 /* Home */ = {
			isa = PBXGroup;
			children = (
				A7D0F4532DB28F1D00124DD3 /* HomeViewModel.swift */,
			);
			path = Home;
			sourceTree = "<group>";
		};
		A7D0F4592DB28F9D00124DD3 /* Cell */ = {
			isa = PBXGroup;
			children = (
				A7D0F45A2DB28FC100124DD3 /* PokemonListTVC.swift */,
				A7D0F45B2DB28FC100124DD3 /* PokemonListTVC.xib */,
			);
			path = Cell;
			sourceTree = "<group>";
		};
		A7D0F4622DB2917100124DD3 /* Network */ = {
			isa = PBXGroup;
			children = (
				A7D0F4632DB291A400124DD3 /* PokemonServiceProtocol.swift */,
			);
			path = Network;
			sourceTree = "<group>";
		};
		A7D0F4652DB2944B00124DD3 /* Extensions */ = {
			isa = PBXGroup;
			children = (
				A7D0F4662DB2945A00124DD3 /* UIView+Ext.swift */,
				A7D0F4682DB2948D00124DD3 /* UIColor+Ext.swift */,
				A7D0F46B2DB2957400124DD3 /* UIImageView+Ext.swift */,
			);
			path = Extensions;
			sourceTree = "<group>";
		};
		A7D0F46F2DB29DF900124DD3 /* Profile */ = {
			isa = PBXGroup;
			children = (
				A7D0F4702DB29E0D00124DD3 /* ProfileViewController.swift */,
				A7D0F4712DB29E0D00124DD3 /* ProfileViewController.xib */,
			);
			path = Profile;
			sourceTree = "<group>";
		};
		A7D0F4782DB2ADA200124DD3 /* PokemonDetail */ = {
			isa = PBXGroup;
			children = (
				A7D0F47E2DB2ADD500124DD3 /* PokemonDetailViewModel.swift */,
			);
			path = PokemonDetail;
			sourceTree = "<group>";
		};
		A7D0F4792DB2ADB100124DD3 /* PokemonDetail */ = {
			isa = PBXGroup;
			children = (
				A7D0F4802DB2AFFF00124DD3 /* MoveTVC */,
				A7D0F4832DB2AFFF00124DD3 /* PopupMovesView */,
				A7D0F4862DB2AFFF00124DD3 /* StatTVC */,
				A7D0F4892DB2AFFF00124DD3 /* TypeTVC */,
				A7D0F47A2DB2ADC600124DD3 /* PokemonDetailViewController.swift */,
				A7D0F47B2DB2ADC600124DD3 /* PokemonDetailViewController.xib */,
			);
			path = PokemonDetail;
			sourceTree = "<group>";
		};
		A7D0F4802DB2AFFF00124DD3 /* MoveTVC */ = {
			isa = PBXGroup;
			children = (
				A7D0F4812DB2AFFF00124DD3 /* MoveTVC.xib */,
				A7D0F4822DB2AFFF00124DD3 /* MoveTVC.swift */,
			);
			path = MoveTVC;
			sourceTree = "<group>";
		};
		A7D0F4832DB2AFFF00124DD3 /* PopupMovesView */ = {
			isa = PBXGroup;
			children = (
				A7D0F4842DB2AFFF00124DD3 /* PopupMovesView.xib */,
				A7D0F4852DB2AFFF00124DD3 /* PopupMovesView.swift */,
			);
			path = PopupMovesView;
			sourceTree = "<group>";
		};
		A7D0F4862DB2AFFF00124DD3 /* StatTVC */ = {
			isa = PBXGroup;
			children = (
				A7D0F4872DB2AFFF00124DD3 /* StatTVC.xib */,
				A7D0F4882DB2AFFF00124DD3 /* StatTVC.swift */,
			);
			path = StatTVC;
			sourceTree = "<group>";
		};
		A7D0F4892DB2AFFF00124DD3 /* TypeTVC */ = {
			isa = PBXGroup;
			children = (
				A7D0F48A2DB2AFFF00124DD3 /* TypeTVC.xib */,
				A7D0F48B2DB2AFFF00124DD3 /* TypeTVC.swift */,
			);
			path = TypeTVC;
			sourceTree = "<group>";
		};
		FF8BBC43DB58BE5D7C04033F /* Frameworks */ = {
			isa = PBXGroup;
			children = (
				9DF6607ED659EC31527EB0F9 /* Pods_pokeapps.framework */,
			);
			name = Frameworks;
			sourceTree = "<group>";
		};
/* End PBXGroup section */

/* Begin PBXNativeTarget section */
		A7D0F42E2DB28BA500124DD3 /* pokeapps */ = {
			isa = PBXNativeTarget;
			buildConfigurationList = A7D0F4432DB28BA800124DD3 /* Build configuration list for PBXNativeTarget "pokeapps" */;
			buildPhases = (
				1EA3BFCDBFE5566E748DDB4C /* [CP] Check Pods Manifest.lock */,
				A7D0F42B2DB28BA500124DD3 /* Sources */,
				A7D0F42C2DB28BA500124DD3 /* Frameworks */,
				A7D0F42D2DB28BA500124DD3 /* Resources */,
				9C885001615369A34F4FE68F /* [CP] Embed Pods Frameworks */,
			);
			buildRules = (
			);
			dependencies = (
			);
			name = pokeapps;
			productName = pokeapps;
			productReference = A7D0F42F2DB28BA500124DD3 /* pokeapps.app */;
			productType = "com.apple.product-type.application";
		};
/* End PBXNativeTarget section */

/* Begin PBXProject section */
		A7D0F4272DB28BA500124DD3 /* Project object */ = {
			isa = PBXProject;
			attributes = {
				BuildIndependentTargetsInParallel = 1;
				LastSwiftUpdateCheck = 1510;
				LastUpgradeCheck = 1510;
				TargetAttributes = {
					A7D0F42E2DB28BA500124DD3 = {
						CreatedOnToolsVersion = 15.1;
					};
				};
			};
			buildConfigurationList = A7D0F42A2DB28BA500124DD3 /* Build configuration list for PBXProject "pokeapps" */;
			compatibilityVersion = "Xcode 14.0";
			developmentRegion = en;
			hasScannedForEncodings = 0;
			knownRegions = (
				en,
				Base,
			);
			mainGroup = A7D0F4262DB28BA500124DD3;
			productRefGroup = A7D0F4302DB28BA500124DD3 /* Products */;
			projectDirPath = "";
			projectRoot = "";
			targets = (
				A7D0F42E2DB28BA500124DD3 /* pokeapps */,
			);
		};
/* End PBXProject section */

/* Begin PBXResourcesBuildPhase section */
		A7D0F42D2DB28BA500124DD3 /* Resources */ = {
			isa = PBXResourcesBuildPhase;
			buildActionMask = 2147483647;
			files = (
				A7D0F4902DB2AFFF00124DD3 /* StatTVC.xib in Resources */,
				A7D0F4772DB2A58700124DD3 /* MainTabBarController.xib in Resources */,
				A7D0F4732DB29E0D00124DD3 /* ProfileViewController.xib in Resources */,
				A7D0F45D2DB28FC100124DD3 /* PokemonListTVC.xib in Resources */,
				A7D0F47D2DB2ADC600124DD3 /* PokemonDetailViewController.xib in Resources */,
				A7D0F43F2DB28BA800124DD3 /* LaunchScreen.storyboard in Resources */,
				A7D0F48E2DB2AFFF00124DD3 /* PopupMovesView.xib in Resources */,
				A7D0F4922DB2AFFF00124DD3 /* TypeTVC.xib in Resources */,
				A7D0F43C2DB28BA800124DD3 /* Assets.xcassets in Resources */,
				A7D0F48C2DB2AFFF00124DD3 /* MoveTVC.xib in Resources */,
				A7D0F43A2DB28BA500124DD3 /* Main.storyboard in Resources */,
				A7D0F4522DB28F1200124DD3 /* HomeViewController.xib in Resources */,
			);
			runOnlyForDeploymentPostprocessing = 0;
		};
/* End PBXResourcesBuildPhase section */

/* Begin PBXShellScriptBuildPhase section */
		1EA3BFCDBFE5566E748DDB4C /* [CP] Check Pods Manifest.lock */ = {
			isa = PBXShellScriptBuildPhase;
			buildActionMask = 2147483647;
			files = (
			);
			inputFileListPaths = (
			);
			inputPaths = (
				"${PODS_PODFILE_DIR_PATH}/Podfile.lock",
				"${PODS_ROOT}/Manifest.lock",
			);
			name = "[CP] Check Pods Manifest.lock";
			outputFileListPaths = (
			);
			outputPaths = (
				"$(DERIVED_FILE_DIR)/Pods-pokeapps-checkManifestLockResult.txt",
			);
			runOnlyForDeploymentPostprocessing = 0;
			shellPath = /bin/sh;
			shellScript = "diff \"${PODS_PODFILE_DIR_PATH}/Podfile.lock\" \"${PODS_ROOT}/Manifest.lock\" > /dev/null\nif [ $? != 0 ] ; then\n    # print error to STDERR\n    echo \"error: The sandbox is not in sync with the Podfile.lock. Run 'pod install' or update your CocoaPods installation.\" >&2\n    exit 1\nfi\n# This output is used by Xcode 'outputs' to avoid re-running this script phase.\necho \"SUCCESS\" > \"${SCRIPT_OUTPUT_FILE_0}\"\n";
			showEnvVarsInLog = 0;
		};
		9C885001615369A34F4FE68F /* [CP] Embed Pods Frameworks */ = {
			isa = PBXShellScriptBuildPhase;
			buildActionMask = 2147483647;
			files = (
			);
			inputFileListPaths = (
				"${PODS_ROOT}/Target Support Files/Pods-pokeapps/Pods-pokeapps-frameworks-${CONFIGURATION}-input-files.xcfilelist",
			);
			name = "[CP] Embed Pods Frameworks";
			outputFileListPaths = (
				"${PODS_ROOT}/Target Support Files/Pods-pokeapps/Pods-pokeapps-frameworks-${CONFIGURATION}-output-files.xcfilelist",
			);
			runOnlyForDeploymentPostprocessing = 0;
			shellPath = /bin/sh;
			shellScript = "\"${PODS_ROOT}/Target Support Files/Pods-pokeapps/Pods-pokeapps-frameworks.sh\"\n";
			showEnvVarsInLog = 0;
		};
/* End PBXShellScriptBuildPhase section */

/* Begin PBXSourcesBuildPhase section */
		A7D0F42B2DB28BA500124DD3 /* Sources */ = {
			isa = PBXSourcesBuildPhase;
			buildActionMask = 2147483647;
			files = (
				A7D0F4642DB291A400124DD3 /* PokemonServiceProtocol.swift in Sources */,
				A7D0F4602DB2915E00124DD3 /* NetworkManager.swift in Sources */,
				A7D0F4372DB28BA500124DD3 /* ViewController.swift in Sources */,
				A7D0F45C2DB28FC100124DD3 /* PokemonListTVC.swift in Sources */,
				A7D0F4562DB28F8200124DD3 /* PokemonModel.swift in Sources */,
				A7D0F48F2DB2AFFF00124DD3 /* PopupMovesView.swift in Sources */,
				A7D0F47F2DB2ADD500124DD3 /* PokemonDetailViewModel.swift in Sources */,
				A7D0F4722DB29E0D00124DD3 /* ProfileViewController.swift in Sources */,
				A7D0F4582DB28F9800124DD3 /* PokemonDetailModel.swift in Sources */,
				A7D0F46C2DB2957400124DD3 /* UIImageView+Ext.swift in Sources */,
				A7D0F4692DB2948D00124DD3 /* UIColor+Ext.swift in Sources */,
				A7D0F4612DB2915E00124DD3 /* Constants.swift in Sources */,
				A7D0F4332DB28BA500124DD3 /* AppDelegate.swift in Sources */,
				A7D0F4672DB2945A00124DD3 /* UIView+Ext.swift in Sources */,
				A7D0F4352DB28BA500124DD3 /* SceneDelegate.swift in Sources */,
				A7D0F4932DB2AFFF00124DD3 /* TypeTVC.swift in Sources */,
				A7D0F4912DB2AFFF00124DD3 /* StatTVC.swift in Sources */,
				A7D0F4542DB28F1D00124DD3 /* HomeViewModel.swift in Sources */,
				A7D0F48D2DB2AFFF00124DD3 /* MoveTVC.swift in Sources */,
				A7D0F47C2DB2ADC600124DD3 /* PokemonDetailViewController.swift in Sources */,
				A7D0F4512DB28F1200124DD3 /* HomeViewController.swift in Sources */,
				A7D0F4762DB2A58700124DD3 /* MainTabBarController.swift in Sources */,
			);
			runOnlyForDeploymentPostprocessing = 0;
		};
/* End PBXSourcesBuildPhase section */

/* Begin PBXVariantGroup section */
		A7D0F4382DB28BA500124DD3 /* Main.storyboard */ = {
			isa = PBXVariantGroup;
			children = (
				A7D0F4392DB28BA500124DD3 /* Base */,
			);
			name = Main.storyboard;
			sourceTree = "<group>";
		};
		A7D0F43D2DB28BA800124DD3 /* LaunchScreen.storyboard */ = {
			isa = PBXVariantGroup;
			children = (
				A7D0F43E2DB28BA800124DD3 /* Base */,
			);
			name = LaunchScreen.storyboard;
			sourceTree = "<group>";
		};
/* End PBXVariantGroup section */

/* Begin XCBuildConfiguration section */
		A7D0F4412DB28BA800124DD3 /* Debug */ = {
			isa = XCBuildConfiguration;
			buildSettings = {
				ALWAYS_SEARCH_USER_PATHS = NO;
				ASSETCATALOG_COMPILER_GENERATE_SWIFT_ASSET_SYMBOL_EXTENSIONS = YES;
				CLANG_ANALYZER_NONNULL = YES;
				CLANG_ANALYZER_NUMBER_OBJECT_CONVERSION = YES_AGGRESSIVE;
				CLANG_CXX_LANGUAGE_STANDARD = "gnu++20";
				CLANG_ENABLE_MODULES = YES;
				CLANG_ENABLE_OBJC_ARC = YES;
				CLANG_ENABLE_OBJC_WEAK = YES;
				CLANG_WARN_BLOCK_CAPTURE_AUTORELEASING = YES;
				CLANG_WARN_BOOL_CONVERSION = YES;
				CLANG_WARN_COMMA = YES;
				CLANG_WARN_CONSTANT_CONVERSION = YES;
				CLANG_WARN_DEPRECATED_OBJC_IMPLEMENTATIONS = YES;
				CLANG_WARN_DIRECT_OBJC_ISA_USAGE = YES_ERROR;
				CLANG_WARN_DOCUMENTATION_COMMENTS = YES;
				CLANG_WARN_EMPTY_BODY = YES;
				CLANG_WARN_ENUM_CONVERSION = YES;
				CLANG_WARN_INFINITE_RECURSION = YES;
				CLANG_WARN_INT_CONVERSION = YES;
				CLANG_WARN_NON_LITERAL_NULL_CONVERSION = YES;
				CLANG_WARN_OBJC_IMPLICIT_RETAIN_SELF = YES;
				CLANG_WARN_OBJC_LITERAL_CONVERSION = YES;
				CLANG_WARN_OBJC_ROOT_CLASS = YES_ERROR;
				CLANG_WARN_QUOTED_INCLUDE_IN_FRAMEWORK_HEADER = YES;
				CLANG_WARN_RANGE_LOOP_ANALYSIS = YES;
				CLANG_WARN_STRICT_PROTOTYPES = YES;
				CLANG_WARN_SUSPICIOUS_MOVE = YES;
				CLANG_WARN_UNGUARDED_AVAILABILITY = YES_AGGRESSIVE;
				CLANG_WARN_UNREACHABLE_CODE = YES;
				CLANG_WARN__DUPLICATE_METHOD_MATCH = YES;
				COPY_PHASE_STRIP = NO;
				DEBUG_INFORMATION_FORMAT = dwarf;
				ENABLE_STRICT_OBJC_MSGSEND = YES;
				ENABLE_TESTABILITY = YES;
				ENABLE_USER_SCRIPT_SANDBOXING = YES;
				GCC_C_LANGUAGE_STANDARD = gnu17;
				GCC_DYNAMIC_NO_PIC = NO;
				GCC_NO_COMMON_BLOCKS = YES;
				GCC_OPTIMIZATION_LEVEL = 0;
				GCC_PREPROCESSOR_DEFINITIONS = (
					"DEBUG=1",
					"$(inherited)",
				);
				GCC_WARN_64_TO_32_BIT_CONVERSION = YES;
				GCC_WARN_ABOUT_RETURN_TYPE = YES_ERROR;
				GCC_WARN_UNDECLARED_SELECTOR = YES;
				GCC_WARN_UNINITIALIZED_AUTOS = YES_AGGRESSIVE;
				GCC_WARN_UNUSED_FUNCTION = YES;
				GCC_WARN_UNUSED_VARIABLE = YES;
				IPHONEOS_DEPLOYMENT_TARGET = 13.0;
				LOCALIZATION_PREFERS_STRING_CATALOGS = YES;
				MTL_ENABLE_DEBUG_INFO = INCLUDE_SOURCE;
				MTL_FAST_MATH = YES;
				ONLY_ACTIVE_ARCH = YES;
				SDKROOT = iphoneos;
				SWIFT_ACTIVE_COMPILATION_CONDITIONS = "DEBUG $(inherited)";
				SWIFT_OPTIMIZATION_LEVEL = "-Onone";
			};
			name = Debug;
		};
		A7D0F4422DB28BA800124DD3 /* Release */ = {
			isa = XCBuildConfiguration;
			buildSettings = {
				ALWAYS_SEARCH_USER_PATHS = NO;
				ASSETCATALOG_COMPILER_GENERATE_SWIFT_ASSET_SYMBOL_EXTENSIONS = YES;
				CLANG_ANALYZER_NONNULL = YES;
				CLANG_ANALYZER_NUMBER_OBJECT_CONVERSION = YES_AGGRESSIVE;
				CLANG_CXX_LANGUAGE_STANDARD = "gnu++20";
				CLANG_ENABLE_MODULES = YES;
				CLANG_ENABLE_OBJC_ARC = YES;
				CLANG_ENABLE_OBJC_WEAK = YES;
				CLANG_WARN_BLOCK_CAPTURE_AUTORELEASING = YES;
				CLANG_WARN_BOOL_CONVERSION = YES;
				CLANG_WARN_COMMA = YES;
				CLANG_WARN_CONSTANT_CONVERSION = YES;
				CLANG_WARN_DEPRECATED_OBJC_IMPLEMENTATIONS = YES;
				CLANG_WARN_DIRECT_OBJC_ISA_USAGE = YES_ERROR;
				CLANG_WARN_DOCUMENTATION_COMMENTS = YES;
				CLANG_WARN_EMPTY_BODY = YES;
				CLANG_WARN_ENUM_CONVERSION = YES;
				CLANG_WARN_INFINITE_RECURSION = YES;
				CLANG_WARN_INT_CONVERSION = YES;
				CLANG_WARN_NON_LITERAL_NULL_CONVERSION = YES;
				CLANG_WARN_OBJC_IMPLICIT_RETAIN_SELF = YES;
				CLANG_WARN_OBJC_LITERAL_CONVERSION = YES;
				CLANG_WARN_OBJC_ROOT_CLASS = YES_ERROR;
				CLANG_WARN_QUOTED_INCLUDE_IN_FRAMEWORK_HEADER = YES;
				CLANG_WARN_RANGE_LOOP_ANALYSIS = YES;
				CLANG_WARN_STRICT_PROTOTYPES = YES;
				CLANG_WARN_SUSPICIOUS_MOVE = YES;
				CLANG_WARN_UNGUARDED_AVAILABILITY = YES_AGGRESSIVE;
				CLANG_WARN_UNREACHABLE_CODE = YES;
				CLANG_WARN__DUPLICATE_METHOD_MATCH = YES;
				COPY_PHASE_STRIP = NO;
				DEBUG_INFORMATION_FORMAT = "dwarf-with-dsym";
				ENABLE_NS_ASSERTIONS = NO;
				ENABLE_STRICT_OBJC_MSGSEND = YES;
				ENABLE_USER_SCRIPT_SANDBOXING = YES;
				GCC_C_LANGUAGE_STANDARD = gnu17;
				GCC_NO_COMMON_BLOCKS = YES;
				GCC_WARN_64_TO_32_BIT_CONVERSION = YES;
				GCC_WARN_ABOUT_RETURN_TYPE = YES_ERROR;
				GCC_WARN_UNDECLARED_SELECTOR = YES;
				GCC_WARN_UNINITIALIZED_AUTOS = YES_AGGRESSIVE;
				GCC_WARN_UNUSED_FUNCTION = YES;
				GCC_WARN_UNUSED_VARIABLE = YES;
				IPHONEOS_DEPLOYMENT_TARGET = 13.0;
				LOCALIZATION_PREFERS_STRING_CATALOGS = YES;
				MTL_ENABLE_DEBUG_INFO = NO;
				MTL_FAST_MATH = YES;
				SDKROOT = iphoneos;
				SWIFT_COMPILATION_MODE = wholemodule;
				VALIDATE_PRODUCT = YES;
			};
			name = Release;
		};
		A7D0F4442DB28BA800124DD3 /* Debug */ = {
			isa = XCBuildConfiguration;
			baseConfigurationReference = 384FA0B66486D3C5A2E22569 /* Pods-pokeapps.debug.xcconfig */;
			buildSettings = {
				ASSETCATALOG_COMPILER_APPICON_NAME = AppIcon;
				ASSETCATALOG_COMPILER_GLOBAL_ACCENT_COLOR_NAME = AccentColor;
				CODE_SIGN_STYLE = Automatic;
				CURRENT_PROJECT_VERSION = 1;
				DEVELOPMENT_TEAM = M843HJCGXQ;
				ENABLE_USER_SCRIPT_SANDBOXING = NO;
				GENERATE_INFOPLIST_FILE = YES;
				INFOPLIST_FILE = pokeapps/Resources/Info.plist;
				INFOPLIST_KEY_UIApplicationSupportsIndirectInputEvents = YES;
				INFOPLIST_KEY_UILaunchStoryboardName = LaunchScreen;
				INFOPLIST_KEY_UIMainStoryboardFile = Main;
				INFOPLIST_KEY_UISupportedInterfaceOrientations_iPad = "UIInterfaceOrientationPortrait UIInterfaceOrientationPortraitUpsideDown UIInterfaceOrientationLandscapeLeft UIInterfaceOrientationLandscapeRight";
				INFOPLIST_KEY_UISupportedInterfaceOrientations_iPhone = "UIInterfaceOrientationPortrait UIInterfaceOrientationLandscapeLeft UIInterfaceOrientationLandscapeRight";
				IPHONEOS_DEPLOYMENT_TARGET = 13.0;
				LD_RUNPATH_SEARCH_PATHS = (
					"$(inherited)",
					"@executable_path/Frameworks",
				);
				MARKETING_VERSION = 1.0;
				PRODUCT_BUNDLE_IDENTIFIER = com.faza.pokeapps;
				PRODUCT_NAME = "$(TARGET_NAME)";
				SWIFT_EMIT_LOC_STRINGS = YES;
				SWIFT_VERSION = 5.0;
				TARGETED_DEVICE_FAMILY = "1,2";
			};
			name = Debug;
		};
		A7D0F4452DB28BA800124DD3 /* Release */ = {
			isa = XCBuildConfiguration;
			baseConfigurationReference = 427017D23ED80CB38F7AC91D /* Pods-pokeapps.release.xcconfig */;
			buildSettings = {
				ASSETCATALOG_COMPILER_APPICON_NAME = AppIcon;
				ASSETCATALOG_COMPILER_GLOBAL_ACCENT_COLOR_NAME = AccentColor;
				CODE_SIGN_STYLE = Automatic;
				CURRENT_PROJECT_VERSION = 1;
				DEVELOPMENT_TEAM = M843HJCGXQ;
				ENABLE_USER_SCRIPT_SANDBOXING = NO;
				GENERATE_INFOPLIST_FILE = YES;
				INFOPLIST_FILE = pokeapps/Resources/Info.plist;
				INFOPLIST_KEY_UIApplicationSupportsIndirectInputEvents = YES;
				INFOPLIST_KEY_UILaunchStoryboardName = LaunchScreen;
				INFOPLIST_KEY_UIMainStoryboardFile = Main;
				INFOPLIST_KEY_UISupportedInterfaceOrientations_iPad = "UIInterfaceOrientationPortrait UIInterfaceOrientationPortraitUpsideDown UIInterfaceOrientationLandscapeLeft UIInterfaceOrientationLandscapeRight";
				INFOPLIST_KEY_UISupportedInterfaceOrientations_iPhone = "UIInterfaceOrientationPortrait UIInterfaceOrientationLandscapeLeft UIInterfaceOrientationLandscapeRight";
				IPHONEOS_DEPLOYMENT_TARGET = 13.0;
				LD_RUNPATH_SEARCH_PATHS = (
					"$(inherited)",
					"@executable_path/Frameworks",
				);
				MARKETING_VERSION = 1.0;
				PRODUCT_BUNDLE_IDENTIFIER = com.faza.pokeapps;
				PRODUCT_NAME = "$(TARGET_NAME)";
				SWIFT_EMIT_LOC_STRINGS = YES;
				SWIFT_VERSION = 5.0;
				TARGETED_DEVICE_FAMILY = "1,2";
			};
			name = Release;
		};
/* End XCBuildConfiguration section */

/* Begin XCConfigurationList section */
		A7D0F42A2DB28BA500124DD3 /* Build configuration list for PBXProject "pokeapps" */ = {
			isa = XCConfigurationList;
			buildConfigurations = (
				A7D0F4412DB28BA800124DD3 /* Debug */,
				A7D0F4422DB28BA800124DD3 /* Release */,
			);
			defaultConfigurationIsVisible = 0;
			defaultConfigurationName = Release;
		};
		A7D0F4432DB28BA800124DD3 /* Build configuration list for PBXNativeTarget "pokeapps" */ = {
			isa = XCConfigurationList;
			buildConfigurations = (
				A7D0F4442DB28BA800124DD3 /* Debug */,
				A7D0F4452DB28BA800124DD3 /* Release */,
			);
			defaultConfigurationIsVisible = 0;
			defaultConfigurationName = Release;
		};
/* End XCConfigurationList section */
	};
	rootObject = A7D0F4272DB28BA500124DD3 /* Project object */;
}
